
Microsoft Visual Studio Solution File, Format Version 12.00
# Visual Studio Version 16
VisualStudioVersion = 16.0.31424.327
MinimumVisualStudioVersion = 10.0.40219.1
Project("{9A19103F-16F7-4668-BE54-9A1E7A4F7556}") = "Exercicio1", "Exercicios\Exercicio1.csproj", "{295A3AFB-59CD-4208-A1AF-BC44E10666C0}"
EndProject
Project("{9A19103F-16F7-4668-BE54-9A1E7A4F7556}") = "Exercicio2", "Exercicio2\Exercicio2.csproj", "{65517AEF-F687-44C8-9E07-8F393C129639}"
EndProject
Project("{2150E333-8FDC-42A3-9474-1A3956D46DE8}") = "Exercicios", "Exercicios", "{45D27656-DB3D-4EE6-812D-1F3630E65A09}"
EndProject
Project("{9A19103F-16F7-4668-BE54-9A1E7A4F7556}") = "Exercicio3", "Exercicio3\Exercicio3.csproj", "{1682AC22-A062-4D94-B61B-2C49E905BB44}"
EndProject
Project("{2150E333-8FDC-42A3-9474-1A3956D46DE8}") = "Tests", "Tests", "{A75CF92B-36B3-4925-9424-141C643A72BC}"
EndProject
Project("{2150E333-8FDC-42A3-9474-1A3956D46DE8}") = "Utils", "Utils", "{AD53266B-2316-4129-BAD8-F6897721F362}"
EndProject
Project("{9A19103F-16F7-4668-BE54-9A1E7A4F7556}") = "Utils", "Utils\Utils.csproj", "{F9F1FEF0-04F1-4602-8CC2-784AE3B608EB}"
EndProject
Project("{9A19103F-16F7-4668-BE54-9A1E7A4F7556}") = "Exercicio.Tests", "Exercicio.Tests\Exercicio.Tests.csproj", "{77095867-25B8-4E32-99D3-B36F2829B62B}"
EndProject
Project("{9A19103F-16F7-4668-BE54-9A1E7A4F7556}") = "Exercicio4", "Exercicio4\Exercicio4.csproj", "{5918AA45-1AAB-4E26-8189-598BDFC00623}"
EndProject
Global
	GlobalSection(SolutionConfigurationPlatforms) = preSolution
		Debug|Any CPU = Debug|Any CPU
		Release|Any CPU = Release|Any CPU
	EndGlobalSection
	GlobalSection(ProjectConfigurationPlatforms) = postSolution
		{295A3AFB-59CD-4208-A1AF-BC44E10666C0}.Debug|Any CPU.ActiveCfg = Debug|Any CPU
		{295A3AFB-59CD-4208-A1AF-BC44E10666C0}.Debug|Any CPU.Build.0 = Debug|Any CPU
		{295A3AFB-59CD-4208-A1AF-BC44E10666C0}.Release|Any CPU.ActiveCfg = Release|Any CPU
		{295A3AFB-59CD-4208-A1AF-BC44E10666C0}.Release|Any CPU.Build.0 = Release|Any CPU
		{65517AEF-F687-44C8-9E07-8F393C129639}.Debug|Any CPU.ActiveCfg = Debug|Any CPU
		{65517AEF-F687-44C8-9E07-8F393C129639}.Debug|Any CPU.Build.0 = Debug|Any CPU
		{65517AEF-F687-44C8-9E07-8F393C129639}.Release|Any CPU.ActiveCfg = Release|Any CPU
		{65517AEF-F687-44C8-9E07-8F393C129639}.Release|Any CPU.Build.0 = Release|Any CPU
		{1682AC22-A062-4D94-B61B-2C49E905BB44}.Debug|Any CPU.ActiveCfg = Debug|Any CPU
		{1682AC22-A062-4D94-B61B-2C49E905BB44}.Debug|Any CPU.Build.0 = Debug|Any CPU
		{1682AC22-A062-4D94-B61B-2C49E905BB44}.Release|Any CPU.ActiveCfg = Release|Any CPU
		{1682AC22-A062-4D94-B61B-2C49E905BB44}.Release|Any CPU.Build.0 = Release|Any CPU
		{F9F1FEF0-04F1-4602-8CC2-784AE3B608EB}.Debug|Any CPU.ActiveCfg = Debug|Any CPU
		{F9F1FEF0-04F1-4602-8CC2-784AE3B608EB}.Debug|Any CPU.Build.0 = Debug|Any CPU
		{F9F1FEF0-04F1-4602-8CC2-784AE3B608EB}.Release|Any CPU.ActiveCfg = Release|Any CPU
		{F9F1FEF0-04F1-4602-8CC2-784AE3B608EB}.Release|Any CPU.Build.0 = Release|Any CPU
		{77095867-25B8-4E32-99D3-B36F2829B62B}.Debug|Any CPU.ActiveCfg = Debug|Any CPU
		{77095867-25B8-4E32-99D3-B36F2829B62B}.Debug|Any CPU.Build.0 = Debug|Any CPU
		{77095867-25B8-4E32-99D3-B36F2829B62B}.Release|Any CPU.ActiveCfg = Release|Any CPU
		{77095867-25B8-4E32-99D3-B36F2829B62B}.Release|Any CPU.Build.0 = Release|Any CPU
		{5918AA45-1AAB-4E26-8189-598BDFC00623}.Debug|Any CPU.ActiveCfg = Debug|Any CPU
		{5918AA45-1AAB-4E26-8189-598BDFC00623}.Debug|Any CPU.Build.0 = Debug|Any CPU
		{5918AA45-1AAB-4E26-8189-598BDFC00623}.Release|Any CPU.ActiveCfg = Release|Any CPU
		{5918AA45-1AAB-4E26-8189-598BDFC00623}.Release|Any CPU.Build.0 = Release|Any CPU
	EndGlobalSection
	GlobalSection(SolutionProperties) = preSolution
		HideSolutionNode = FALSE
	EndGlobalSection
	GlobalSection(NestedProjects) = preSolution
		{295A3AFB-59CD-4208-A1AF-BC44E10666C0} = {45D27656-DB3D-4EE6-812D-1F3630E65A09}
		{65517AEF-F687-44C8-9E07-8F393C129639} = {45D27656-DB3D-4EE6-812D-1F3630E65A09}
		{1682AC22-A062-4D94-B61B-2C49E905BB44} = {45D27656-DB3D-4EE6-812D-1F3630E65A09}
		{F9F1FEF0-04F1-4602-8CC2-784AE3B608EB} = {AD53266B-2316-4129-BAD8-F6897721F362}
		{77095867-25B8-4E32-99D3-B36F2829B62B} = {A75CF92B-36B3-4925-9424-141C643A72BC}
		{5918AA45-1AAB-4E26-8189-598BDFC00623} = {45D27656-DB3D-4EE6-812D-1F3630E65A09}
	EndGlobalSection
	GlobalSection(ExtensibilityGlobals) = postSolution
		SolutionGuid = {CBEF6FA4-F449-4BCA-A6EA-E5D21D617A35}
	EndGlobalSection
EndGlobal
